
Microsoft Visual Studio Solution File, Format Version 12.00
# Visual Studio Version 16
VisualStudioVersion = 16.0.32228.343
MinimumVisualStudioVersion = 10.0.40219.1
Project("{FAE04EC0-301F-11D3-BF4B-00C04F79EFBC}") = "CloneTestApp", "CloneTestApp\CloneTestApp.csproj", "{5B3B9325-DD20-4E89-871B-1D2F83B6398C}"
EndProject
Global
	GlobalSection(SolutionConfigurationPlatforms) = preSolution
		Debug|Any CPU = Debug|Any CPU
		Release|Any CPU = Release|Any CPU
	EndGlobalSection
	GlobalSection(ProjectConfigurationPlatforms) = postSolution
		{5B3B9325-DD20-4E89-871B-1D2F83B6398C}.Debug|Any CPU.ActiveCfg = Debug|Any CPU
		{5B3B9325-DD20-4E89-871B-1D2F83B6398C}.Debug|Any CPU.Build.0 = Debug|Any CPU
		{5B3B9325-DD20-4E89-871B-1D2F83B6398C}.Release|Any CPU.ActiveCfg = Release|Any CPU
		{5B3B9325-DD20-4E89-871B-1D2F83B6398C}.Release|Any CPU.Build.0 = Release|Any CPU
	EndGlobalSection
	GlobalSection(SolutionProperties) = preSolution
		HideSolutionNode = FALSE
	EndGlobalSection
	GlobalSection(ExtensibilityGlobals) = postSolution
		SolutionGuid = {F49890E6-86D2-487B-91B1-CF0FD5587834}
	EndGlobalSection
EndGlobal
